
Microsoft Visual Studio Solution File, Format Version 12.00
# Visual Studio Version 17
VisualStudioVersion = 17.5.33516.290
MinimumVisualStudioVersion = 10.0.40219.1
Project("{FAE04EC0-301F-11D3-BF4B-00C04F79EFBC}") = "GUI_NDam", "GUI_NDam.csproj", "{1F833290-7C2E-4C2A-B0AA-0FCE852EAFF4}"
EndProject
Global
	GlobalSection(SolutionConfigurationPlatforms) = preSolution
		Debug|Any CPU = Debug|Any CPU
		Release|Any CPU = Release|Any CPU
	EndGlobalSection
	GlobalSection(ProjectConfigurationPlatforms) = postSolution
		{1F833290-7C2E-4C2A-B0AA-0FCE852EAFF4}.Debug|Any CPU.ActiveCfg = Debug|Any CPU
		{1F833290-7C2E-4C2A-B0AA-0FCE852EAFF4}.Debug|Any CPU.Build.0 = Debug|Any CPU
		{1F833290-7C2E-4C2A-B0AA-0FCE852EAFF4}.Release|Any CPU.ActiveCfg = Release|Any CPU
		{1F833290-7C2E-4C2A-B0AA-0FCE852EAFF4}.Release|Any CPU.Build.0 = Release|Any CPU
	EndGlobalSection
	GlobalSection(SolutionProperties) = preSolution
		HideSolutionNode = FALSE
	EndGlobalSection
	GlobalSection(ExtensibilityGlobals) = postSolution
		SolutionGuid = {8FE3EC4B-98C0-4206-8631-6488225DC0FA}
	EndGlobalSection
EndGlobal
